
Microsoft Visual Studio Solution File, Format Version 12.00
# Visual Studio Version 17
VisualStudioVersion = 17.10.35201.131
MinimumVisualStudioVersion = 10.0.40219.1
Project("{FAE04EC0-301F-11D3-BF4B-00C04F79EFBC}") = "First_MVC_Project", "First_MVC_Project.csproj", "{595FCCEB-26BE-4910-80D9-1F201DAD62F4}"
EndProject
Global
	GlobalSection(SolutionConfigurationPlatforms) = preSolution
		Debug|Any CPU = Debug|Any CPU
		Release|Any CPU = Release|Any CPU
	EndGlobalSection
	GlobalSection(ProjectConfigurationPlatforms) = postSolution
		{595FCCEB-26BE-4910-80D9-1F201DAD62F4}.Debug|Any CPU.ActiveCfg = Debug|Any CPU
		{595FCCEB-26BE-4910-80D9-1F201DAD62F4}.Debug|Any CPU.Build.0 = Debug|Any CPU
		{595FCCEB-26BE-4910-80D9-1F201DAD62F4}.Release|Any CPU.ActiveCfg = Release|Any CPU
		{595FCCEB-26BE-4910-80D9-1F201DAD62F4}.Release|Any CPU.Build.0 = Release|Any CPU
	EndGlobalSection
	GlobalSection(SolutionProperties) = preSolution
		HideSolutionNode = FALSE
	EndGlobalSection
	GlobalSection(ExtensibilityGlobals) = postSolution
		SolutionGuid = {A0571CFF-7A56-4AB2-9F3B-C7CA6D76741E}
	EndGlobalSection
EndGlobal
